
Microsoft Visual Studio Solution File, Format Version 12.00
# Visual Studio 2012
Project("{FAE04EC0-301F-11D3-BF4B-00C04F79EFBC}") = "ConsoleClient", "ConsoleClient\ConsoleClient.csproj", "{E9AF5C53-D25D-4885-8123-2947692FC144}"
EndProject
Project("{FAE04EC0-301F-11D3-BF4B-00C04F79EFBC}") = "GameLogics", "GameLogics\GameLogics.csproj", "{79774335-A6AD-4C03-83D4-A5E524375B40}"
EndProject
Project("{FAE04EC0-301F-11D3-BF4B-00C04F79EFBC}") = "GameLogicsTests", "GameLogicsTests\GameLogicsTests.csproj", "{BD260C3B-7C2B-4890-8997-CA8F9F029536}"
EndProject
Global
	GlobalSection(SolutionConfigurationPlatforms) = preSolution
		Debug|Any CPU = Debug|Any CPU
		Release|Any CPU = Release|Any CPU
	EndGlobalSection
	GlobalSection(ProjectConfigurationPlatforms) = postSolution
		{E9AF5C53-D25D-4885-8123-2947692FC144}.Debug|Any CPU.ActiveCfg = Debug|Any CPU
		{E9AF5C53-D25D-4885-8123-2947692FC144}.Debug|Any CPU.Build.0 = Debug|Any CPU
		{E9AF5C53-D25D-4885-8123-2947692FC144}.Release|Any CPU.ActiveCfg = Release|Any CPU
		{E9AF5C53-D25D-4885-8123-2947692FC144}.Release|Any CPU.Build.0 = Release|Any CPU
		{79774335-A6AD-4C03-83D4-A5E524375B40}.Debug|Any CPU.ActiveCfg = Debug|Any CPU
		{79774335-A6AD-4C03-83D4-A5E524375B40}.Debug|Any CPU.Build.0 = Debug|Any CPU
		{79774335-A6AD-4C03-83D4-A5E524375B40}.Release|Any CPU.ActiveCfg = Release|Any CPU
		{79774335-A6AD-4C03-83D4-A5E524375B40}.Release|Any CPU.Build.0 = Release|Any CPU
		{BD260C3B-7C2B-4890-8997-CA8F9F029536}.Debug|Any CPU.ActiveCfg = Debug|Any CPU
		{BD260C3B-7C2B-4890-8997-CA8F9F029536}.Debug|Any CPU.Build.0 = Debug|Any CPU
		{BD260C3B-7C2B-4890-8997-CA8F9F029536}.Release|Any CPU.ActiveCfg = Release|Any CPU
		{BD260C3B-7C2B-4890-8997-CA8F9F029536}.Release|Any CPU.Build.0 = Release|Any CPU
	EndGlobalSection
EndGlobal
